<?xml version="1.0" encoding="utf-8"?>
<Project ToolsVersion="4.0" xmlns="http://schemas.microsoft.com/developer/msbuild/2003">
  <ItemGroup>
    <Filter Include="ProjectDefaults">
      <UniqueIdentifier>{93995380-89BD-4b04-88EB-625FBE52EBFB}</UniqueIdentifier>
      <Extensions>h;hh;hpp;hxx;hm;inl;inc;xsd</Extensions>
    </Filter>
    <Filter Include="Cache">
      <UniqueIdentifier>{8a4fd72e-fc4a-4970-9ba3-37342e975b08}</UniqueIdentifier>
    </Filter>
    <Filter Include="Cache\Map">
      <UniqueIdentifier>{244db0ce-e347-4745-84ee-cc9b7ffdd5bb}</UniqueIdentifier>
    </Filter>
    <Filter Include="Cache\TagGroups">
      <UniqueIdentifier>{04a375d0-c58b-4d86-a9c8-da4a22e8dbf3}</UniqueIdentifier>
    </Filter>
    <Filter Include="Cache\TagBlocks">
      <UniqueIdentifier>{f05c9d53-1c65-4cf6-ab76-7a4be95a296c}</UniqueIdentifier>
    </Filter>
    <Filter Include="Enums">
      <UniqueIdentifier>{489df673-7c2e-4659-b356-497093708582}</UniqueIdentifier>
    </Filter>
    <Filter Include="Enums\Tags">
      <UniqueIdentifier>{2c3a99fd-440c-45e4-bf31-c9d58433e08b}</UniqueIdentifier>
    </Filter>
    <Filter Include="Enums\Tags\TagGroups">
      <UniqueIdentifier>{ed9e5640-116e-40fd-99b9-c1b0e4ebfee1}</UniqueIdentifier>
    </Filter>
    <Filter Include="Maths">
      <UniqueIdentifier>{1aa87d76-b0ae-40b1-8ee3-a06d8d0627d1}</UniqueIdentifier>
    </Filter>
    <Filter Include="Shared">
      <UniqueIdentifier>{461e3f4d-fade-4005-b7c1-ce98da2097ff}</UniqueIdentifier>
    </Filter>
    <Filter Include="Cache\DataTypes">
      <UniqueIdentifier>{6e7c8a82-ca79-4e1a-8b75-ba5c409e2df6}</UniqueIdentifier>
    </Filter>
    <Filter Include="Cache\TagGroups\Globals">
      <UniqueIdentifier>{7b037b7a-e09a-4581-8b68-ea22e4ccca9d}</UniqueIdentifier>
    </Filter>
    <Filter Include="Cache\TagGroups\Items">
      <UniqueIdentifier>{280bfb9e-5303-48fa-a8ea-f2044f667530}</UniqueIdentifier>
    </Filter>
    <Filter Include="Cache\TagGroups\Sound">
      <UniqueIdentifier>{5032f8ff-fdac-47b0-b3fb-df3c72bd2263}</UniqueIdentifier>
    </Filter>
    <Filter Include="Cache\TagGroups\Objects">
      <UniqueIdentifier>{69db4871-75c1-4d6e-9e93-f9f589c1e68f}</UniqueIdentifier>
    </Filter>
    <Filter Include="Cache\TagGroups\Interface">
      <UniqueIdentifier>{cbcf3b70-fad3-4f82-928a-59628a644ac1}</UniqueIdentifier>
    </Filter>
    <Filter Include="Cache\TagBlocks\Globals">
      <UniqueIdentifier>{6043d75a-3db5-448d-9873-20da216043fe}</UniqueIdentifier>
    </Filter>
  </ItemGroup>
  <ItemGroup>
    <Text Include="ReadMe.txt" />
  </ItemGroup>
  <ItemGroup>
    <ClInclude Include="stdafx.h">
      <Filter>ProjectDefaults</Filter>
    </ClInclude>
    <ClInclude Include="targetver.h">
      <Filter>ProjectDefaults</Filter>
    </ClInclude>
    <ClInclude Include="Maths\Angle.h">
      <Filter>Maths</Filter>
    </ClInclude>
    <ClInclude Include="Maths\ColorARGB.h">
      <Filter>Maths</Filter>
    </ClInclude>
    <ClInclude Include="Maths\ColorRGB.h">
      <Filter>Maths</Filter>
    </ClInclude>
    <ClInclude Include="Maths\Maths.h">
      <Filter>Maths</Filter>
    </ClInclude>
    <ClInclude Include="Maths\Point2D.h">
      <Filter>Maths</Filter>
    </ClInclude>
    <ClInclude Include="Maths\Point3D.h">
      <Filter>Maths</Filter>
    </ClInclude>
    <ClInclude Include="Maths\RealColorARGB.h">
      <Filter>Maths</Filter>
    </ClInclude>
    <ClInclude Include="Maths\RealColorRGB.h">
      <Filter>Maths</Filter>
    </ClInclude>
    <ClInclude Include="Maths\RealPoint2D.h">
      <Filter>Maths</Filter>
    </ClInclude>
    <ClInclude Include="Maths\RealPoint3D.h">
      <Filter>Maths</Filter>
    </ClInclude>
    <ClInclude Include="Maths\RealVector2D.h">
      <Filter>Maths</Filter>
    </ClInclude>
    <ClInclude Include="Maths\RealVector3D.h">
      <Filter>Maths</Filter>
    </ClInclude>
    <ClInclude Include="Enums\Enums.h">
      <Filter>Enums</Filter>
    </ClInclude>
    <ClInclude Include="Enums\Tags\TagGroups.h">
      <Filter>Enums\Tags</Filter>
    </ClInclude>
    <ClInclude Include="Shared\Shared.h">
      <Filter>Shared</Filter>
    </ClInclude>
    <ClInclude Include="BlamLibrary.h" />
    <ClInclude Include="Cache\DataTypes\DataTypes.h">
      <Filter>Cache\DataTypes</Filter>
    </ClInclude>
    <ClInclude Include="Cache\DataTypes\DatumIndex.h">
      <Filter>Cache\DataTypes</Filter>
    </ClInclude>
    <ClInclude Include="Cache\DataTypes\Reflexive.h">
      <Filter>Cache\DataTypes</Filter>
    </ClInclude>
    <ClInclude Include="Cache\Cache.h">
      <Filter>Cache</Filter>
    </ClInclude>
    <ClInclude Include="Cache\DataTypes\TagRef.h">
      <Filter>Cache\DataTypes</Filter>
    </ClInclude>
    <ClInclude Include="Cache\DataTypes\StringID.h">
      <Filter>Cache\DataTypes</Filter>
    </ClInclude>
    <ClInclude Include="Cache\DataTypes\Strings.h">
      <Filter>Cache\DataTypes</Filter>
    </ClInclude>
    <ClInclude Include="Cache\DataTypes\Bitfield.h">
      <Filter>Cache\DataTypes</Filter>
    </ClInclude>
    <ClInclude Include="Cache\DataTypes\Pad.h">
      <Filter>Cache\DataTypes</Filter>
    </ClInclude>
    <ClInclude Include="Cache\DataTypes\DataRef.h">
      <Filter>Cache\DataTypes</Filter>
    </ClInclude>
    <ClInclude Include="Cache\TagBlocks.hpp">
      <Filter>Cache</Filter>
    </ClInclude>
    <ClInclude Include="Cache\TagGroups.hpp">
      <Filter>Cache</Filter>
    </ClInclude>
    <ClInclude Include="Cache\TagGroups\Globals\matg.hpp">
      <Filter>Cache\TagGroups\Globals</Filter>
    </ClInclude>
    <ClInclude Include="Cache\TagBlocks\Globals\matg.hpp">
      <Filter>Cache\TagBlocks\Globals</Filter>
    </ClInclude>
    <ClInclude Include="Enums\Tags\TagGroups\matg.hpp">
      <Filter>Enums\Tags\TagGroups</Filter>
    </ClInclude>
    <ClInclude Include="Enums\DefaultSID.hpp">
      <Filter>Enums</Filter>
    </ClInclude>
  </ItemGroup>
  <ItemGroup>
    <ClCompile Include="stdafx.cpp">
      <Filter>ProjectDefaults</Filter>
    </ClCompile>
  </ItemGroup>
</Project>